github.com/tuxdude/pico v0.2.2 h1:b6HzvUQCM3oCKxCTHg40539Xp0XfKN8TpgVj66I9XTM=
github.com/tuxdude/pico v0.2.2/go.mod h1:7Zh4T+1QEzDJqntSoy4rgyEuXut2rsuD+tA8TYUDThk=
github.com/tuxdude/zzzlog v0.2.2 h1:EHkPEU5y46pmtlJp/7wOiqkNE1CZy704PfvK+BAXQIw=
github.com/tuxdude/zzzlog v0.2.2/go.mod h1:xF2YB8uuECY2MLgjzHFGUrRCvBiYD/ji/LjlWKx7Gno=
github.com/tuxdude/zzzlogi v0.1.0 h1:a7JrdqFcH3BTFxQaM6xOBYd+iI/oq3p/xOzCXnAjprM=
github.com/tuxdude/zzzlogi v0.1.0/go.mod h1:pDoI7GNJZuYLZtVx4WL7lOQuECECY+XCHF6Sbv7YvzY=
golang.org/x/sys v0.20.0 h1:Od9JTbYCk261bKm4M/mw7AklTlFYIa0bIp9BgSm1S8Y=
golang.org/x/sys v0.20.0/go.mod h1:/VUhepiaJMQUp4+oa/7Zr1D23ma6VTLIYjOOTFZPUcA=
